
Microsoft Visual Studio Solution File, Format Version 12.00
# Visual Studio Version 17
VisualStudioVersion = 17.0.31903.59
MinimumVisualStudioVersion = 10.0.40219.1
Project("{2150E333-8FDC-42A3-9474-1A3956D46DE8}") = "src", "src", "{827E0CD3-B72D-47B6-A68D-7590B98EB39B}"
EndProject
Project("{FAE04EC0-301F-11D3-BF4B-00C04F79EFBC}") = "BloodLink.Domain", "src\BloodLink.Domain\BloodLink.Domain.csproj", "{AF9DE41B-4498-4CD3-A776-7BCAD4859848}"
EndProject
Project("{FAE04EC0-301F-11D3-BF4B-00C04F79EFBC}") = "BloodLink.Application", "src\BloodLink.Application\BloodLink.Application.csproj", "{F38C2596-E2DD-4F43-99CD-020DF9868BD0}"
EndProject
Project("{FAE04EC0-301F-11D3-BF4B-00C04F79EFBC}") = "BloodLink.Infrastructure", "src\BloodLink.Infrastructure\BloodLink.Infrastructure.csproj", "{13F792E5-9758-44C7-AAA8-F09CCAF8355D}"
EndProject
Project("{FAE04EC0-301F-11D3-BF4B-00C04F79EFBC}") = "BloodLink.Web", "src\BloodLink.Web\BloodLink.Web.csproj", "{E5D2DE6E-0C75-497D-96EE-F3D30FE4078F}"
EndProject
Project("{2150E333-8FDC-42A3-9474-1A3956D46DE8}") = "tests", "tests", "{0AB3BF05-4346-4AA6-1389-037BE0695223}"
EndProject
Project("{FAE04EC0-301F-11D3-BF4B-00C04F79EFBC}") = "BloodLink.Domain.Tests", "tests\BloodLink.Domain.Tests\BloodLink.Domain.Tests.csproj", "{7E8D3799-2DA6-4F69-A42E-096EE1ECD3C4}"
EndProject
Project("{FAE04EC0-301F-11D3-BF4B-00C04F79EFBC}") = "BloodLink.Application.Tests", "tests\BloodLink.Application.Tests\BloodLink.Application.Tests.csproj", "{C5046899-B77B-414E-A392-773D37EB0413}"
EndProject
Project("{FAE04EC0-301F-11D3-BF4B-00C04F79EFBC}") = "BloodLink.Infrastructure.Tests", "tests\BloodLink.Infrastructure.Tests\BloodLink.Infrastructure.Tests.csproj", "{693F1ACD-1A8F-4A08-990B-2565E4B53919}"
EndProject
Project("{FAE04EC0-301F-11D3-BF4B-00C04F79EFBC}") = "BloodLink.Web.Tests", "tests\BloodLink.Web.Tests\BloodLink.Web.Tests.csproj", "{941FAE86-F792-463E-BE04-92CD4E09D593}"
EndProject
Project("{FAE04EC0-301F-11D3-BF4B-00C04F79EFBC}") = "BloodLink.Acceptance.Tests", "tests\BloodLink.Acceptance.Tests\BloodLink.Acceptance.Tests.csproj", "{EB035661-817E-451F-A532-4CAB95ECC633}"
EndProject
Global
	GlobalSection(SolutionConfigurationPlatforms) = preSolution
		Debug|Any CPU = Debug|Any CPU
		Debug|x64 = Debug|x64
		Debug|x86 = Debug|x86
		Release|Any CPU = Release|Any CPU
		Release|x64 = Release|x64
		Release|x86 = Release|x86
	EndGlobalSection
	GlobalSection(ProjectConfigurationPlatforms) = postSolution
		{AF9DE41B-4498-4CD3-A776-7BCAD4859848}.Debug|Any CPU.ActiveCfg = Debug|Any CPU
		{AF9DE41B-4498-4CD3-A776-7BCAD4859848}.Debug|Any CPU.Build.0 = Debug|Any CPU
		{AF9DE41B-4498-4CD3-A776-7BCAD4859848}.Debug|x64.ActiveCfg = Debug|Any CPU
		{AF9DE41B-4498-4CD3-A776-7BCAD4859848}.Debug|x64.Build.0 = Debug|Any CPU
		{AF9DE41B-4498-4CD3-A776-7BCAD4859848}.Debug|x86.ActiveCfg = Debug|Any CPU
		{AF9DE41B-4498-4CD3-A776-7BCAD4859848}.Debug|x86.Build.0 = Debug|Any CPU
		{AF9DE41B-4498-4CD3-A776-7BCAD4859848}.Release|Any CPU.ActiveCfg = Release|Any CPU
		{AF9DE41B-4498-4CD3-A776-7BCAD4859848}.Release|Any CPU.Build.0 = Release|Any CPU
		{AF9DE41B-4498-4CD3-A776-7BCAD4859848}.Release|x64.ActiveCfg = Release|Any CPU
		{AF9DE41B-4498-4CD3-A776-7BCAD4859848}.Release|x64.Build.0 = Release|Any CPU
		{AF9DE41B-4498-4CD3-A776-7BCAD4859848}.Release|x86.ActiveCfg = Release|Any CPU
		{AF9DE41B-4498-4CD3-A776-7BCAD4859848}.Release|x86.Build.0 = Release|Any CPU
		{F38C2596-E2DD-4F43-99CD-020DF9868BD0}.Debug|Any CPU.ActiveCfg = Debug|Any CPU
		{F38C2596-E2DD-4F43-99CD-020DF9868BD0}.Debug|Any CPU.Build.0 = Debug|Any CPU
		{F38C2596-E2DD-4F43-99CD-020DF9868BD0}.Debug|x64.ActiveCfg = Debug|Any CPU
		{F38C2596-E2DD-4F43-99CD-020DF9868BD0}.Debug|x64.Build.0 = Debug|Any CPU
		{F38C2596-E2DD-4F43-99CD-020DF9868BD0}.Debug|x86.ActiveCfg = Debug|Any CPU
		{F38C2596-E2DD-4F43-99CD-020DF9868BD0}.Debug|x86.Build.0 = Debug|Any CPU
		{F38C2596-E2DD-4F43-99CD-020DF9868BD0}.Release|Any CPU.ActiveCfg = Release|Any CPU
		{F38C2596-E2DD-4F43-99CD-020DF9868BD0}.Release|Any CPU.Build.0 = Release|Any CPU
		{F38C2596-E2DD-4F43-99CD-020DF9868BD0}.Release|x64.ActiveCfg = Release|Any CPU
		{F38C2596-E2DD-4F43-99CD-020DF9868BD0}.Release|x64.Build.0 = Release|Any CPU
		{F38C2596-E2DD-4F43-99CD-020DF9868BD0}.Release|x86.ActiveCfg = Release|Any CPU
		{F38C2596-E2DD-4F43-99CD-020DF9868BD0}.Release|x86.Build.0 = Release|Any CPU
		{13F792E5-9758-44C7-AAA8-F09CCAF8355D}.Debug|Any CPU.ActiveCfg = Debug|Any CPU
		{13F792E5-9758-44C7-AAA8-F09CCAF8355D}.Debug|Any CPU.Build.0 = Debug|Any CPU
		{13F792E5-9758-44C7-AAA8-F09CCAF8355D}.Debug|x64.ActiveCfg = Debug|Any CPU
		{13F792E5-9758-44C7-AAA8-F09CCAF8355D}.Debug|x64.Build.0 = Debug|Any CPU
		{13F792E5-9758-44C7-AAA8-F09CCAF8355D}.Debug|x86.ActiveCfg = Debug|Any CPU
		{13F792E5-9758-44C7-AAA8-F09CCAF8355D}.Debug|x86.Build.0 = Debug|Any CPU
		{13F792E5-9758-44C7-AAA8-F09CCAF8355D}.Release|Any CPU.ActiveCfg = Release|Any CPU
		{13F792E5-9758-44C7-AAA8-F09CCAF8355D}.Release|Any CPU.Build.0 = Release|Any CPU
		{13F792E5-9758-44C7-AAA8-F09CCAF8355D}.Release|x64.ActiveCfg = Release|Any CPU
		{13F792E5-9758-44C7-AAA8-F09CCAF8355D}.Release|x64.Build.0 = Release|Any CPU
		{13F792E5-9758-44C7-AAA8-F09CCAF8355D}.Release|x86.ActiveCfg = Release|Any CPU
		{13F792E5-9758-44C7-AAA8-F09CCAF8355D}.Release|x86.Build.0 = Release|Any CPU
		{E5D2DE6E-0C75-497D-96EE-F3D30FE4078F}.Debug|Any CPU.ActiveCfg = Debug|Any CPU
		{E5D2DE6E-0C75-497D-96EE-F3D30FE4078F}.Debug|Any CPU.Build.0 = Debug|Any CPU
		{E5D2DE6E-0C75-497D-96EE-F3D30FE4078F}.Debug|x64.ActiveCfg = Debug|Any CPU
		{E5D2DE6E-0C75-497D-96EE-F3D30FE4078F}.Debug|x64.Build.0 = Debug|Any CPU
		{E5D2DE6E-0C75-497D-96EE-F3D30FE4078F}.Debug|x86.ActiveCfg = Debug|Any CPU
		{E5D2DE6E-0C75-497D-96EE-F3D30FE4078F}.Debug|x86.Build.0 = Debug|Any CPU
		{E5D2DE6E-0C75-497D-96EE-F3D30FE4078F}.Release|Any CPU.ActiveCfg = Release|Any CPU
		{E5D2DE6E-0C75-497D-96EE-F3D30FE4078F}.Release|Any CPU.Build.0 = Release|Any CPU
		{E5D2DE6E-0C75-497D-96EE-F3D30FE4078F}.Release|x64.ActiveCfg = Release|Any CPU
		{E5D2DE6E-0C75-497D-96EE-F3D30FE4078F}.Release|x64.Build.0 = Release|Any CPU
		{E5D2DE6E-0C75-497D-96EE-F3D30FE4078F}.Release|x86.ActiveCfg = Release|Any CPU
		{E5D2DE6E-0C75-497D-96EE-F3D30FE4078F}.Release|x86.Build.0 = Release|Any CPU
		{7E8D3799-2DA6-4F69-A42E-096EE1ECD3C4}.Debug|Any CPU.ActiveCfg = Debug|Any CPU
		{7E8D3799-2DA6-4F69-A42E-096EE1ECD3C4}.Debug|Any CPU.Build.0 = Debug|Any CPU
		{7E8D3799-2DA6-4F69-A42E-096EE1ECD3C4}.Debug|x64.ActiveCfg = Debug|Any CPU
		{7E8D3799-2DA6-4F69-A42E-096EE1ECD3C4}.Debug|x64.Build.0 = Debug|Any CPU
		{7E8D3799-2DA6-4F69-A42E-096EE1ECD3C4}.Debug|x86.ActiveCfg = Debug|Any CPU
		{7E8D3799-2DA6-4F69-A42E-096EE1ECD3C4}.Debug|x86.Build.0 = Debug|Any CPU
		{7E8D3799-2DA6-4F69-A42E-096EE1ECD3C4}.Release|Any CPU.ActiveCfg = Release|Any CPU
		{7E8D3799-2DA6-4F69-A42E-096EE1ECD3C4}.Release|Any CPU.Build.0 = Release|Any CPU
		{7E8D3799-2DA6-4F69-A42E-096EE1ECD3C4}.Release|x64.ActiveCfg = Release|Any CPU
		{7E8D3799-2DA6-4F69-A42E-096EE1ECD3C4}.Release|x64.Build.0 = Release|Any CPU
		{7E8D3799-2DA6-4F69-A42E-096EE1ECD3C4}.Release|x86.ActiveCfg = Release|Any CPU
		{7E8D3799-2DA6-4F69-A42E-096EE1ECD3C4}.Release|x86.Build.0 = Release|Any CPU
		{C5046899-B77B-414E-A392-773D37EB0413}.Debug|Any CPU.ActiveCfg = Debug|Any CPU
		{C5046899-B77B-414E-A392-773D37EB0413}.Debug|Any CPU.Build.0 = Debug|Any CPU
		{C5046899-B77B-414E-A392-773D37EB0413}.Debug|x64.ActiveCfg = Debug|Any CPU
		{C5046899-B77B-414E-A392-773D37EB0413}.Debug|x64.Build.0 = Debug|Any CPU
		{C5046899-B77B-414E-A392-773D37EB0413}.Debug|x86.ActiveCfg = Debug|Any CPU
		{C5046899-B77B-414E-A392-773D37EB0413}.Debug|x86.Build.0 = Debug|Any CPU
		{C5046899-B77B-414E-A392-773D37EB0413}.Release|Any CPU.ActiveCfg = Release|Any CPU
		{C5046899-B77B-414E-A392-773D37EB0413}.Release|Any CPU.Build.0 = Release|Any CPU
		{C5046899-B77B-414E-A392-773D37EB0413}.Release|x64.ActiveCfg = Release|Any CPU
		{C5046899-B77B-414E-A392-773D37EB0413}.Release|x64.Build.0 = Release|Any CPU
		{C5046899-B77B-414E-A392-773D37EB0413}.Release|x86.ActiveCfg = Release|Any CPU
		{C5046899-B77B-414E-A392-773D37EB0413}.Release|x86.Build.0 = Release|Any CPU
		{693F1ACD-1A8F-4A08-990B-2565E4B53919}.Debug|Any CPU.ActiveCfg = Debug|Any CPU
		{693F1ACD-1A8F-4A08-990B-2565E4B53919}.Debug|Any CPU.Build.0 = Debug|Any CPU
		{693F1ACD-1A8F-4A08-990B-2565E4B53919}.Debug|x64.ActiveCfg = Debug|Any CPU
		{693F1ACD-1A8F-4A08-990B-2565E4B53919}.Debug|x64.Build.0 = Debug|Any CPU
		{693F1ACD-1A8F-4A08-990B-2565E4B53919}.Debug|x86.ActiveCfg = Debug|Any CPU
		{693F1ACD-1A8F-4A08-990B-2565E4B53919}.Debug|x86.Build.0 = Debug|Any CPU
		{693F1ACD-1A8F-4A08-990B-2565E4B53919}.Release|Any CPU.ActiveCfg = Release|Any CPU
		{693F1ACD-1A8F-4A08-990B-2565E4B53919}.Release|Any CPU.Build.0 = Release|Any CPU
		{693F1ACD-1A8F-4A08-990B-2565E4B53919}.Release|x64.ActiveCfg = Release|Any CPU
		{693F1ACD-1A8F-4A08-990B-2565E4B53919}.Release|x64.Build.0 = Release|Any CPU
		{693F1ACD-1A8F-4A08-990B-2565E4B53919}.Release|x86.ActiveCfg = Release|Any CPU
		{693F1ACD-1A8F-4A08-990B-2565E4B53919}.Release|x86.Build.0 = Release|Any CPU
		{941FAE86-F792-463E-BE04-92CD4E09D593}.Debug|Any CPU.ActiveCfg = Debug|Any CPU
		{941FAE86-F792-463E-BE04-92CD4E09D593}.Debug|Any CPU.Build.0 = Debug|Any CPU
		{941FAE86-F792-463E-BE04-92CD4E09D593}.Debug|x64.ActiveCfg = Debug|Any CPU
		{941FAE86-F792-463E-BE04-92CD4E09D593}.Debug|x64.Build.0 = Debug|Any CPU
		{941FAE86-F792-463E-BE04-92CD4E09D593}.Debug|x86.ActiveCfg = Debug|Any CPU
		{941FAE86-F792-463E-BE04-92CD4E09D593}.Debug|x86.Build.0 = Debug|Any CPU
		{941FAE86-F792-463E-BE04-92CD4E09D593}.Release|Any CPU.ActiveCfg = Release|Any CPU
		{941FAE86-F792-463E-BE04-92CD4E09D593}.Release|Any CPU.Build.0 = Release|Any CPU
		{941FAE86-F792-463E-BE04-92CD4E09D593}.Release|x64.ActiveCfg = Release|Any CPU
		{941FAE86-F792-463E-BE04-92CD4E09D593}.Release|x64.Build.0 = Release|Any CPU
		{941FAE86-F792-463E-BE04-92CD4E09D593}.Release|x86.ActiveCfg = Release|Any CPU
		{941FAE86-F792-463E-BE04-92CD4E09D593}.Release|x86.Build.0 = Release|Any CPU
		{EB035661-817E-451F-A532-4CAB95ECC633}.Debug|Any CPU.ActiveCfg = Debug|Any CPU
		{EB035661-817E-451F-A532-4CAB95ECC633}.Debug|Any CPU.Build.0 = Debug|Any CPU
		{EB035661-817E-451F-A532-4CAB95ECC633}.Debug|x64.ActiveCfg = Debug|Any CPU
		{EB035661-817E-451F-A532-4CAB95ECC633}.Debug|x64.Build.0 = Debug|Any CPU
		{EB035661-817E-451F-A532-4CAB95ECC633}.Debug|x86.ActiveCfg = Debug|Any CPU
		{EB035661-817E-451F-A532-4CAB95ECC633}.Debug|x86.Build.0 = Debug|Any CPU
		{EB035661-817E-451F-A532-4CAB95ECC633}.Release|Any CPU.ActiveCfg = Release|Any CPU
		{EB035661-817E-451F-A532-4CAB95ECC633}.Release|Any CPU.Build.0 = Release|Any CPU
		{EB035661-817E-451F-A532-4CAB95ECC633}.Release|x64.ActiveCfg = Release|Any CPU
		{EB035661-817E-451F-A532-4CAB95ECC633}.Release|x64.Build.0 = Release|Any CPU
		{EB035661-817E-451F-A532-4CAB95ECC633}.Release|x86.ActiveCfg = Release|Any CPU
		{EB035661-817E-451F-A532-4CAB95ECC633}.Release|x86.Build.0 = Release|Any CPU
	EndGlobalSection
	GlobalSection(SolutionProperties) = preSolution
		HideSolutionNode = FALSE
	EndGlobalSection
	GlobalSection(NestedProjects) = preSolution
		{AF9DE41B-4498-4CD3-A776-7BCAD4859848} = {827E0CD3-B72D-47B6-A68D-7590B98EB39B}
		{F38C2596-E2DD-4F43-99CD-020DF9868BD0} = {827E0CD3-B72D-47B6-A68D-7590B98EB39B}
		{13F792E5-9758-44C7-AAA8-F09CCAF8355D} = {827E0CD3-B72D-47B6-A68D-7590B98EB39B}
		{E5D2DE6E-0C75-497D-96EE-F3D30FE4078F} = {827E0CD3-B72D-47B6-A68D-7590B98EB39B}
		{7E8D3799-2DA6-4F69-A42E-096EE1ECD3C4} = {0AB3BF05-4346-4AA6-1389-037BE0695223}
		{C5046899-B77B-414E-A392-773D37EB0413} = {0AB3BF05-4346-4AA6-1389-037BE0695223}
		{693F1ACD-1A8F-4A08-990B-2565E4B53919} = {0AB3BF05-4346-4AA6-1389-037BE0695223}
		{941FAE86-F792-463E-BE04-92CD4E09D593} = {0AB3BF05-4346-4AA6-1389-037BE0695223}
		{EB035661-817E-451F-A532-4CAB95ECC633} = {0AB3BF05-4346-4AA6-1389-037BE0695223}
	EndGlobalSection
EndGlobal
